// !$*UTF8*$!
{
	archiveVersion = 1;
	classes = {
	};
	objectVersion = 46;
	objects = {

/* Begin PBXBuildFile section */
		0B1D038DC9EAC1926540C38C /* Pods_ZSwitchTests.framework in Frameworks */ = {isa = PBXBuildFile; fileRef = 13595686D913ADA68AEFE6D5 /* Pods_ZSwitchTests.framework */; };
		5C0E63EE93158F3A368E4CA6 /* Pods_ZSwitchUITests.framework in Frameworks */ = {isa = PBXBuildFile; fileRef = B10C2AA93E2BEA8A8797291A /* Pods_ZSwitchUITests.framework */; };
		60AFB797FF8A711537115A1F /* Pods_ZSwitch.framework in Frameworks */ = {isa = PBXBuildFile; fileRef = 0BFBF85B68E2F0636AB58FF1 /* Pods_ZSwitch.framework */; };
		7A34B17A1FA2F9080070E220 /* KeyboardHook.m in Sources */ = {isa = PBXBuildFile; fileRef = 7A34B1781FA2F9080070E220 /* KeyboardHook.m */; };
		7A34B17D1FA3022A0070E220 /* Key.swift in Sources */ = {isa = PBXBuildFile; fileRef = 7A34B17C1FA3022A0070E220 /* Key.swift */; };
		7A4A52881FAD6DA700620FB7 /* JWGCircleCounter.m in Sources */ = {isa = PBXBuildFile; fileRef = 7A4A52871FAD6DA700620FB7 /* JWGCircleCounter.m */; };
		7A91D6BB1FA81C6A00A143F8 /* LongestCommonSubsequenceTests.swift in Sources */ = {isa = PBXBuildFile; fileRef = 7A91D6BA1FA81C6A00A143F8 /* LongestCommonSubsequenceTests.swift */; };
		7A91D6BD1FA81CD200A143F8 /* LCS.swift in Sources */ = {isa = PBXBuildFile; fileRef = 7A91D6BC1FA81CD200A143F8 /* LCS.swift */; };
		7A91D6BE1FA81CD200A143F8 /* LCS.swift in Sources */ = {isa = PBXBuildFile; fileRef = 7A91D6BC1FA81CD200A143F8 /* LCS.swift */; };
		7AABCFFB1F9DC0AE0038DF50 /* MainMenu.xib in Resources */ = {isa = PBXBuildFile; fileRef = 7AABCFFA1F9DC0AE0038DF50 /* MainMenu.xib */; };
		7ABCB0EE1FA08AC900E09570 /* ZSwitchUITests.swift in Sources */ = {isa = PBXBuildFile; fileRef = 7ABCB0ED1FA08AC900E09570 /* ZSwitchUITests.swift */; };
		7ABCB0FC1FA08AFA00E09570 /* ZSwitchTests.swift in Sources */ = {isa = PBXBuildFile; fileRef = 7ABCB0FB1FA08AFA00E09570 /* ZSwitchTests.swift */; };
		7AC998BF1FAC1B1E00B53F22 /* Util.swift in Sources */ = {isa = PBXBuildFile; fileRef = 7AC998BE1FAC1B1E00B53F22 /* Util.swift */; };
		7ACC53441F45A9560058755F /* AppDelegate.swift in Sources */ = {isa = PBXBuildFile; fileRef = 7ACC53431F45A9560058755F /* AppDelegate.swift */; };
		7ACC53461F45A9560058755F /* ViewController.swift in Sources */ = {isa = PBXBuildFile; fileRef = 7ACC53451F45A9560058755F /* ViewController.swift */; };
		7ACC53481F45A9560058755F /* Assets.xcassets in Resources */ = {isa = PBXBuildFile; fileRef = 7ACC53471F45A9560058755F /* Assets.xcassets */; };
		7ACC53591F45A9DB0058755F /* AppItemView.swift in Sources */ = {isa = PBXBuildFile; fileRef = 7ACC53531F45A9DB0058755F /* AppItemView.swift */; };
		7ACC535A1F45A9DB0058755F /* AppItemView.xib in Resources */ = {isa = PBXBuildFile; fileRef = 7ACC53541F45A9DB0058755F /* AppItemView.xib */; };
		7ACC535B1F45A9DB0058755F /* AppModel.swift in Sources */ = {isa = PBXBuildFile; fileRef = 7ACC53551F45A9DB0058755F /* AppModel.swift */; };
/* End PBXBuildFile section */

/* Begin PBXContainerItemProxy section */
		7ABCB0F01FA08AC900E09570 /* PBXContainerItemProxy */ = {
			isa = PBXContainerItemProxy;
			containerPortal = 7ACC53381F45A9560058755F /* Project object */;
			proxyType = 1;
			remoteGlobalIDString = 7ACC533F1F45A9560058755F;
			remoteInfo = ZSwitch;
		};
		7ABCB0FE1FA08AFA00E09570 /* PBXContainerItemProxy */ = {
			isa = PBXContainerItemProxy;
			containerPortal = 7ACC53381F45A9560058755F /* Project object */;
			proxyType = 1;
			remoteGlobalIDString = 7ACC533F1F45A9560058755F;
			remoteInfo = ZSwitch;
		};
/* End PBXContainerItemProxy section */

/* Begin PBXFileReference section */
		0BFBF85B68E2F0636AB58FF1 /* Pods_ZSwitch.framework */ = {isa = PBXFileReference; explicitFileType = wrapper.framework; includeInIndex = 0; path = Pods_ZSwitch.framework; sourceTree = BUILT_PRODUCTS_DIR; };
		13595686D913ADA68AEFE6D5 /* Pods_ZSwitchTests.framework */ = {isa = PBXFileReference; explicitFileType = wrapper.framework; includeInIndex = 0; path = Pods_ZSwitchTests.framework; sourceTree = BUILT_PRODUCTS_DIR; };
		428F1F83AD7F2FD90985312E /* Pods-ZSwitch.release.xcconfig */ = {isa = PBXFileReference; includeInIndex = 1; lastKnownFileType = text.xcconfig; name = "Pods-ZSwitch.release.xcconfig"; path = "Pods/Target Support Files/Pods-ZSwitch/Pods-ZSwitch.release.xcconfig"; sourceTree = "<group>"; };
		585F693B89EEEC9615966611 /* Pods-ZSwitchUITests.release.xcconfig */ = {isa = PBXFileReference; includeInIndex = 1; lastKnownFileType = text.xcconfig; name = "Pods-ZSwitchUITests.release.xcconfig"; path = "Pods/Target Support Files/Pods-ZSwitchUITests/Pods-ZSwitchUITests.release.xcconfig"; sourceTree = "<group>"; };
		769F12617ED915DDF5DFA1BE /* Pods-ZSwitchTests.release.xcconfig */ = {isa = PBXFileReference; includeInIndex = 1; lastKnownFileType = text.xcconfig; name = "Pods-ZSwitchTests.release.xcconfig"; path = "Pods/Target Support Files/Pods-ZSwitchTests/Pods-ZSwitchTests.release.xcconfig"; sourceTree = "<group>"; };
		7A34B1761FA2F9080070E220 /* ZSwitch-Bridging-Header.h */ = {isa = PBXFileReference; lastKnownFileType = sourcecode.c.h; path = "ZSwitch-Bridging-Header.h"; sourceTree = "<group>"; };
		7A34B1771FA2F9080070E220 /* KeyboardHook.h */ = {isa = PBXFileReference; lastKnownFileType = sourcecode.c.h; path = KeyboardHook.h; sourceTree = "<group>"; };
		7A34B1781FA2F9080070E220 /* KeyboardHook.m */ = {isa = PBXFileReference; lastKnownFileType = sourcecode.c.objc; path = KeyboardHook.m; sourceTree = "<group>"; };
		7A34B17C1FA3022A0070E220 /* Key.swift */ = {isa = PBXFileReference; fileEncoding = 4; lastKnownFileType = sourcecode.swift; path = Key.swift; sourceTree = "<group>"; };
		7A3BDCA55EFE0822C2BE7A37 /* Pods-ZSwitch.debug.xcconfig */ = {isa = PBXFileReference; includeInIndex = 1; lastKnownFileType = text.xcconfig; name = "Pods-ZSwitch.debug.xcconfig"; path = "Pods/Target Support Files/Pods-ZSwitch/Pods-ZSwitch.debug.xcconfig"; sourceTree = "<group>"; };
		7A4A52861FAD6DA700620FB7 /* JWGCircleCounter.h */ = {isa = PBXFileReference; fileEncoding = 4; lastKnownFileType = sourcecode.c.h; path = JWGCircleCounter.h; sourceTree = "<group>"; };
		7A4A52871FAD6DA700620FB7 /* JWGCircleCounter.m */ = {isa = PBXFileReference; fileEncoding = 4; lastKnownFileType = sourcecode.c.objc; path = JWGCircleCounter.m; sourceTree = "<group>"; };
		7A91D6BA1FA81C6A00A143F8 /* LongestCommonSubsequenceTests.swift */ = {isa = PBXFileReference; fileEncoding = 4; lastKnownFileType = sourcecode.swift; path = LongestCommonSubsequenceTests.swift; sourceTree = "<group>"; };
		7A91D6BC1FA81CD200A143F8 /* LCS.swift */ = {isa = PBXFileReference; fileEncoding = 4; lastKnownFileType = sourcecode.swift; path = LCS.swift; sourceTree = "<group>"; };
		7AABCFFA1F9DC0AE0038DF50 /* MainMenu.xib */ = {isa = PBXFileReference; fileEncoding = 4; lastKnownFileType = file.xib; path = MainMenu.xib; sourceTree = "<group>"; };
		7ABCB0E61FA08A0C00E09570 /* XCTest.framework */ = {isa = PBXFileReference; lastKnownFileType = wrapper.framework; name = XCTest.framework; path = Platforms/MacOSX.platform/Developer/Library/Frameworks/XCTest.framework; sourceTree = DEVELOPER_DIR; };
		7ABCB0EB1FA08AC900E09570 /* ZSwitchUITests.xctest */ = {isa = PBXFileReference; explicitFileType = wrapper.cfbundle; includeInIndex = 0; path = ZSwitchUITests.xctest; sourceTree = BUILT_PRODUCTS_DIR; };
		7ABCB0ED1FA08AC900E09570 /* ZSwitchUITests.swift */ = {isa = PBXFileReference; lastKnownFileType = sourcecode.swift; path = ZSwitchUITests.swift; sourceTree = "<group>"; };
		7ABCB0EF1FA08AC900E09570 /* Info.plist */ = {isa = PBXFileReference; lastKnownFileType = text.plist.xml; path = Info.plist; sourceTree = "<group>"; };
		7ABCB0F91FA08AF900E09570 /* ZSwitchTests.xctest */ = {isa = PBXFileReference; explicitFileType = wrapper.cfbundle; includeInIndex = 0; path = ZSwitchTests.xctest; sourceTree = BUILT_PRODUCTS_DIR; };
		7ABCB0FB1FA08AFA00E09570 /* ZSwitchTests.swift */ = {isa = PBXFileReference; lastKnownFileType = sourcecode.swift; path = ZSwitchTests.swift; sourceTree = "<group>"; };
		7ABCB0FD1FA08AFA00E09570 /* Info.plist */ = {isa = PBXFileReference; lastKnownFileType = text.plist.xml; path = Info.plist; sourceTree = "<group>"; };
		7AC998BE1FAC1B1E00B53F22 /* Util.swift */ = {isa = PBXFileReference; lastKnownFileType = sourcecode.swift; path = Util.swift; sourceTree = "<group>"; };
		7ACC53401F45A9560058755F /* ZSwitch.app */ = {isa = PBXFileReference; explicitFileType = wrapper.application; includeInIndex = 0; path = ZSwitch.app; sourceTree = BUILT_PRODUCTS_DIR; };
		7ACC53431F45A9560058755F /* AppDelegate.swift */ = {isa = PBXFileReference; lastKnownFileType = sourcecode.swift; path = AppDelegate.swift; sourceTree = "<group>"; };
		7ACC53451F45A9560058755F /* ViewController.swift */ = {isa = PBXFileReference; lastKnownFileType = sourcecode.swift; path = ViewController.swift; sourceTree = "<group>"; };
		7ACC53471F45A9560058755F /* Assets.xcassets */ = {isa = PBXFileReference; lastKnownFileType = folder.assetcatalog; path = Assets.xcassets; sourceTree = "<group>"; };
		7ACC534C1F45A9560058755F /* Info.plist */ = {isa = PBXFileReference; lastKnownFileType = text.plist.xml; path = Info.plist; sourceTree = "<group>"; };
		7ACC53531F45A9DB0058755F /* AppItemView.swift */ = {isa = PBXFileReference; fileEncoding = 4; lastKnownFileType = sourcecode.swift; path = AppItemView.swift; sourceTree = "<group>"; };
		7ACC53541F45A9DB0058755F /* AppItemView.xib */ = {isa = PBXFileReference; fileEncoding = 4; lastKnownFileType = file.xib; path = AppItemView.xib; sourceTree = "<group>"; };
		7ACC53551F45A9DB0058755F /* AppModel.swift */ = {isa = PBXFileReference; fileEncoding = 4; lastKnownFileType = sourcecode.swift; path = AppModel.swift; sourceTree = "<group>"; };
		927BF31ABF8ECA66F527683E /* Pods-ZSwitchTests.debug.xcconfig */ = {isa = PBXFileReference; includeInIndex = 1; lastKnownFileType = text.xcconfig; name = "Pods-ZSwitchTests.debug.xcconfig"; path = "Pods/Target Support Files/Pods-ZSwitchTests/Pods-ZSwitchTests.debug.xcconfig"; sourceTree = "<group>"; };
		B10C2AA93E2BEA8A8797291A /* Pods_ZSwitchUITests.framework */ = {isa = PBXFileReference; explicitFileType = wrapper.framework; includeInIndex = 0; path = Pods_ZSwitchUITests.framework; sourceTree = BUILT_PRODUCTS_DIR; };
		F9A444DBB8A6C9453D03185F /* Pods-ZSwitchUITests.debug.xcconfig */ = {isa = PBXFileReference; includeInIndex = 1; lastKnownFileType = text.xcconfig; name = "Pods-ZSwitchUITests.debug.xcconfig"; path = "Pods/Target Support Files/Pods-ZSwitchUITests/Pods-ZSwitchUITests.debug.xcconfig"; sourceTree = "<group>"; };
/* End PBXFileReference section */

/* Begin PBXFrameworksBuildPhase section */
		7ABCB0E81FA08AC900E09570 /* Frameworks */ = {
			isa = PBXFrameworksBuildPhase;
			buildActionMask = 2147483647;
			files = (
				5C0E63EE93158F3A368E4CA6 /* Pods_ZSwitchUITests.framework in Frameworks */,
			);
			runOnlyForDeploymentPostprocessing = 0;
		};
		7ABCB0F61FA08AF900E09570 /* Frameworks */ = {
			isa = PBXFrameworksBuildPhase;
			buildActionMask = 2147483647;
			files = (
				0B1D038DC9EAC1926540C38C /* Pods_ZSwitchTests.framework in Frameworks */,
			);
			runOnlyForDeploymentPostprocessing = 0;
		};
		7ACC533D1F45A9560058755F /* Frameworks */ = {
			isa = PBXFrameworksBuildPhase;
			buildActionMask = 2147483647;
			files = (
				60AFB797FF8A711537115A1F /* Pods_ZSwitch.framework in Frameworks */,
			);
			runOnlyForDeploymentPostprocessing = 0;
		};
/* End PBXFrameworksBuildPhase section */

/* Begin PBXGroup section */
		7A91D6BF1FA8215F00A143F8 /* Utils */ = {
			isa = PBXGroup;
			children = (
				7AC998BE1FAC1B1E00B53F22 /* Util.swift */,
				7A91D6BC1FA81CD200A143F8 /* LCS.swift */,
				7A34B17C1FA3022A0070E220 /* Key.swift */,
				7A34B1771FA2F9080070E220 /* KeyboardHook.h */,
				7A34B1781FA2F9080070E220 /* KeyboardHook.m */,
				7A4A52861FAD6DA700620FB7 /* JWGCircleCounter.h */,
				7A4A52871FAD6DA700620FB7 /* JWGCircleCounter.m */,
			);
			path = Utils;
			sourceTree = "<group>";
		};
		7ABCB0CB1FA0857700E09570 /* Source */ = {
			isa = PBXGroup;
			children = (
				7A91D6BF1FA8215F00A143F8 /* Utils */,
				7AABCFFA1F9DC0AE0038DF50 /* MainMenu.xib */,
				7ACC53531F45A9DB0058755F /* AppItemView.swift */,
				7ACC53541F45A9DB0058755F /* AppItemView.xib */,
				7ACC53551F45A9DB0058755F /* AppModel.swift */,
				7ACC53431F45A9560058755F /* AppDelegate.swift */,
				7ACC53451F45A9560058755F /* ViewController.swift */,
				7A34B1761FA2F9080070E220 /* ZSwitch-Bridging-Header.h */,
			);
			path = Source;
			sourceTree = "<group>";
		};
		7ABCB0E51FA08A0C00E09570 /* Frameworks */ = {
			isa = PBXGroup;
			children = (
				7ABCB0E61FA08A0C00E09570 /* XCTest.framework */,
				0BFBF85B68E2F0636AB58FF1 /* Pods_ZSwitch.framework */,
				13595686D913ADA68AEFE6D5 /* Pods_ZSwitchTests.framework */,
				B10C2AA93E2BEA8A8797291A /* Pods_ZSwitchUITests.framework */,
			);
			name = Frameworks;
			sourceTree = "<group>";
		};
		7ABCB0EC1FA08AC900E09570 /* ZSwitchUITests */ = {
			isa = PBXGroup;
			children = (
				7ABCB0ED1FA08AC900E09570 /* ZSwitchUITests.swift */,
				7ABCB0EF1FA08AC900E09570 /* Info.plist */,
			);
			path = ZSwitchUITests;
			sourceTree = "<group>";
		};
		7ABCB0FA1FA08AFA00E09570 /* ZSwitchTests */ = {
			isa = PBXGroup;
			children = (
				7A91D6BA1FA81C6A00A143F8 /* LongestCommonSubsequenceTests.swift */,
				7ABCB0FB1FA08AFA00E09570 /* ZSwitchTests.swift */,
				7ABCB0FD1FA08AFA00E09570 /* Info.plist */,
			);
			path = ZSwitchTests;
			sourceTree = "<group>";
		};
		7ACC53371F45A9560058755F = {
			isa = PBXGroup;
			children = (
				7ACC53421F45A9560058755F /* ZSwitch */,
				7ABCB0EC1FA08AC900E09570 /* ZSwitchUITests */,
				7ABCB0FA1FA08AFA00E09570 /* ZSwitchTests */,
				7ACC53411F45A9560058755F /* Products */,
				7ABCB0E51FA08A0C00E09570 /* Frameworks */,
				ADF4AAF1C84830AFC28347A6 /* Pods */,
			);
			sourceTree = "<group>";
		};
		7ACC53411F45A9560058755F /* Products */ = {
			isa = PBXGroup;
			children = (
				7ACC53401F45A9560058755F /* ZSwitch.app */,
				7ABCB0EB1FA08AC900E09570 /* ZSwitchUITests.xctest */,
				7ABCB0F91FA08AF900E09570 /* ZSwitchTests.xctest */,
			);
			name = Products;
			sourceTree = "<group>";
		};
		7ACC53421F45A9560058755F /* ZSwitch */ = {
			isa = PBXGroup;
			children = (
				7ABCB0CB1FA0857700E09570 /* Source */,
				7ACC53471F45A9560058755F /* Assets.xcassets */,
				7ACC534C1F45A9560058755F /* Info.plist */,
			);
			path = ZSwitch;
			sourceTree = "<group>";
		};
		ADF4AAF1C84830AFC28347A6 /* Pods */ = {
			isa = PBXGroup;
			children = (
				7A3BDCA55EFE0822C2BE7A37 /* Pods-ZSwitch.debug.xcconfig */,
				428F1F83AD7F2FD90985312E /* Pods-ZSwitch.release.xcconfig */,
				927BF31ABF8ECA66F527683E /* Pods-ZSwitchTests.debug.xcconfig */,
				769F12617ED915DDF5DFA1BE /* Pods-ZSwitchTests.release.xcconfig */,
				F9A444DBB8A6C9453D03185F /* Pods-ZSwitchUITests.debug.xcconfig */,
				585F693B89EEEC9615966611 /* Pods-ZSwitchUITests.release.xcconfig */,
			);
			name = Pods;
			sourceTree = "<group>";
		};
/* End PBXGroup section */

/* Begin PBXNativeTarget section */
		7ABCB0EA1FA08AC900E09570 /* ZSwitchUITests */ = {
			isa = PBXNativeTarget;
			buildConfigurationList = 7ABCB0F21FA08AC900E09570 /* Build configuration list for PBXNativeTarget "ZSwitchUITests" */;
			buildPhases = (
				C4C3567DCA29907247700C95 /* [CP] Check Pods Manifest.lock */,
				7ABCB0E71FA08AC900E09570 /* Sources */,
				7ABCB0E81FA08AC900E09570 /* Frameworks */,
				7ABCB0E91FA08AC900E09570 /* Resources */,
				03071E0C7805EAF48440AE33 /* [CP] Embed Pods Frameworks */,
				F79D09E390E75F472419F217 /* [CP] Copy Pods Resources */,
			);
			buildRules = (
			);
			dependencies = (
				7ABCB0F11FA08AC900E09570 /* PBXTargetDependency */,
			);
			name = ZSwitchUITests;
			productName = ZSwitchUITests;
			productReference = 7ABCB0EB1FA08AC900E09570 /* ZSwitchUITests.xctest */;
			productType = "com.apple.product-type.bundle.ui-testing";
		};
		7ABCB0F81FA08AF900E09570 /* ZSwitchTests */ = {
			isa = PBXNativeTarget;
			buildConfigurationList = 7ABCB1001FA08AFA00E09570 /* Build configuration list for PBXNativeTarget "ZSwitchTests" */;
			buildPhases = (
				BCB444BD53C787F085498452 /* [CP] Check Pods Manifest.lock */,
				7ABCB0F51FA08AF900E09570 /* Sources */,
				7ABCB0F61FA08AF900E09570 /* Frameworks */,
				7ABCB0F71FA08AF900E09570 /* Resources */,
				7A9C70C09F2124F8681181BD /* [CP] Embed Pods Frameworks */,
				56172E59AEE345B1F52146A4 /* [CP] Copy Pods Resources */,
			);
			buildRules = (
			);
			dependencies = (
				7ABCB0FF1FA08AFA00E09570 /* PBXTargetDependency */,
			);
			name = ZSwitchTests;
			productName = ZSwitchTests;
			productReference = 7ABCB0F91FA08AF900E09570 /* ZSwitchTests.xctest */;
			productType = "com.apple.product-type.bundle.unit-test";
		};
		7ACC533F1F45A9560058755F /* ZSwitch */ = {
			isa = PBXNativeTarget;
			buildConfigurationList = 7ACC534F1F45A9560058755F /* Build configuration list for PBXNativeTarget "ZSwitch" */;
			buildPhases = (
				60AE5297B86943D762CB2D39 /* [CP] Check Pods Manifest.lock */,
				7ACC533C1F45A9560058755F /* Sources */,
				7ACC533D1F45A9560058755F /* Frameworks */,
				7ACC533E1F45A9560058755F /* Resources */,
				5509A3D752F80EFE9E3D1F65 /* [CP] Embed Pods Frameworks */,
				3211C8F10F8F105811E56EFC /* [CP] Copy Pods Resources */,
			);
			buildRules = (
			);
			dependencies = (
			);
			name = ZSwitch;
			productName = ZSwitch;
			productReference = 7ACC53401F45A9560058755F /* ZSwitch.app */;
			productType = "com.apple.product-type.application";
		};
/* End PBXNativeTarget section */

/* Begin PBXProject section */
		7ACC53381F45A9560058755F /* Project object */ = {
			isa = PBXProject;
			attributes = {
				LastSwiftUpdateCheck = 0900;
				LastUpgradeCheck = 0900;
				ORGANIZATIONNAME = zhangshibo;
				TargetAttributes = {
					7ABCB0EA1FA08AC900E09570 = {
						CreatedOnToolsVersion = 9.0.1;
						ProvisioningStyle = Automatic;
						TestTargetID = 7ACC533F1F45A9560058755F;
					};
					7ABCB0F81FA08AF900E09570 = {
						CreatedOnToolsVersion = 9.0.1;
						ProvisioningStyle = Automatic;
						TestTargetID = 7ACC533F1F45A9560058755F;
					};
					7ACC533F1F45A9560058755F = {
						CreatedOnToolsVersion = 8.3.3;
						LastSwiftMigration = 0900;
						ProvisioningStyle = Automatic;
					};
				};
			};
			buildConfigurationList = 7ACC533B1F45A9560058755F /* Build configuration list for PBXProject "ZSwitch" */;
			compatibilityVersion = "Xcode 3.2";
			developmentRegion = English;
			hasScannedForEncodings = 0;
			knownRegions = (
				en,
				Base,
			);
			mainGroup = 7ACC53371F45A9560058755F;
			productRefGroup = 7ACC53411F45A9560058755F /* Products */;
			projectDirPath = "";
			projectRoot = "";
			targets = (
				7ACC533F1F45A9560058755F /* ZSwitch */,
				7ABCB0EA1FA08AC900E09570 /* ZSwitchUITests */,
				7ABCB0F81FA08AF900E09570 /* ZSwitchTests */,
			);
		};
/* End PBXProject section */

/* Begin PBXResourcesBuildPhase section */
		7ABCB0E91FA08AC900E09570 /* Resources */ = {
			isa = PBXResourcesBuildPhase;
			buildActionMask = 2147483647;
			files = (
			);
			runOnlyForDeploymentPostprocessing = 0;
		};
		7ABCB0F71FA08AF900E09570 /* Resources */ = {
			isa = PBXResourcesBuildPhase;
			buildActionMask = 2147483647;
			files = (
			);
			runOnlyForDeploymentPostprocessing = 0;
		};
		7ACC533E1F45A9560058755F /* Resources */ = {
			isa = PBXResourcesBuildPhase;
			buildActionMask = 2147483647;
			files = (
				7ACC53481F45A9560058755F /* Assets.xcassets in Resources */,
				7ACC535A1F45A9DB0058755F /* AppItemView.xib in Resources */,
				7AABCFFB1F9DC0AE0038DF50 /* MainMenu.xib in Resources */,
			);
			runOnlyForDeploymentPostprocessing = 0;
		};
/* End PBXResourcesBuildPhase section */

/* Begin PBXShellScriptBuildPhase section */
		03071E0C7805EAF48440AE33 /* [CP] Embed Pods Frameworks */ = {
			isa = PBXShellScriptBuildPhase;
			buildActionMask = 2147483647;
			files = (
			);
			inputPaths = (
			);
			name = "[CP] Embed Pods Frameworks";
			outputPaths = (
			);
			runOnlyForDeploymentPostprocessing = 0;
			shellPath = /bin/sh;
			shellScript = "\"${SRCROOT}/Pods/Target Support Files/Pods-ZSwitchUITests/Pods-ZSwitchUITests-frameworks.sh\"\n";
			showEnvVarsInLog = 0;
		};
		3211C8F10F8F105811E56EFC /* [CP] Copy Pods Resources */ = {
			isa = PBXShellScriptBuildPhase;
			buildActionMask = 2147483647;
			files = (
			);
			inputPaths = (
			);
			name = "[CP] Copy Pods Resources";
			outputPaths = (
			);
			runOnlyForDeploymentPostprocessing = 0;
			shellPath = /bin/sh;
			shellScript = "\"${SRCROOT}/Pods/Target Support Files/Pods-ZSwitch/Pods-ZSwitch-resources.sh\"\n";
			showEnvVarsInLog = 0;
		};
		5509A3D752F80EFE9E3D1F65 /* [CP] Embed Pods Frameworks */ = {
			isa = PBXShellScriptBuildPhase;
			buildActionMask = 2147483647;
			files = (
			);
			inputPaths = (
			);
			name = "[CP] Embed Pods Frameworks";
			outputPaths = (
			);
			runOnlyForDeploymentPostprocessing = 0;
			shellPath = /bin/sh;
			shellScript = "\"${SRCROOT}/Pods/Target Support Files/Pods-ZSwitch/Pods-ZSwitch-frameworks.sh\"\n";
			showEnvVarsInLog = 0;
		};
		56172E59AEE345B1F52146A4 /* [CP] Copy Pods Resources */ = {
			isa = PBXShellScriptBuildPhase;
			buildActionMask = 2147483647;
			files = (
			);
			inputPaths = (
			);
			name = "[CP] Copy Pods Resources";
			outputPaths = (
			);
			runOnlyForDeploymentPostprocessing = 0;
			shellPath = /bin/sh;
			shellScript = "\"${SRCROOT}/Pods/Target Support Files/Pods-ZSwitchTests/Pods-ZSwitchTests-resources.sh\"\n";
			showEnvVarsInLog = 0;
		};
		60AE5297B86943D762CB2D39 /* [CP] Check Pods Manifest.lock */ = {
			isa = PBXShellScriptBuildPhase;
			buildActionMask = 2147483647;
			files = (
			);
			inputPaths = (
			);
			name = "[CP] Check Pods Manifest.lock";
			outputPaths = (
			);
			runOnlyForDeploymentPostprocessing = 0;
			shellPath = /bin/sh;
			shellScript = "diff \"${PODS_ROOT}/../Podfile.lock\" \"${PODS_ROOT}/Manifest.lock\" > /dev/null\nif [ $? != 0 ] ; then\n    # print error to STDERR\n    echo \"error: The sandbox is not in sync with the Podfile.lock. Run 'pod install' or update your CocoaPods installation.\" >&2\n    exit 1\nfi\n";
			showEnvVarsInLog = 0;
		};
		7A9C70C09F2124F8681181BD /* [CP] Embed Pods Frameworks */ = {
			isa = PBXShellScriptBuildPhase;
			buildActionMask = 2147483647;
			files = (
			);
			inputPaths = (
			);
			name = "[CP] Embed Pods Frameworks";
			outputPaths = (
			);
			runOnlyForDeploymentPostprocessing = 0;
			shellPath = /bin/sh;
			shellScript = "\"${SRCROOT}/Pods/Target Support Files/Pods-ZSwitchTests/Pods-ZSwitchTests-frameworks.sh\"\n";
			showEnvVarsInLog = 0;
		};
		BCB444BD53C787F085498452 /* [CP] Check Pods Manifest.lock */ = {
			isa = PBXShellScriptBuildPhase;
			buildActionMask = 2147483647;
			files = (
			);
			inputPaths = (
			);
			name = "[CP] Check Pods Manifest.lock";
			outputPaths = (
			);
			runOnlyForDeploymentPostprocessing = 0;
			shellPath = /bin/sh;
			shellScript = "diff \"${PODS_ROOT}/../Podfile.lock\" \"${PODS_ROOT}/Manifest.lock\" > /dev/null\nif [ $? != 0 ] ; then\n    # print error to STDERR\n    echo \"error: The sandbox is not in sync with the Podfile.lock. Run 'pod install' or update your CocoaPods installation.\" >&2\n    exit 1\nfi\n";
			showEnvVarsInLog = 0;
		};
		C4C3567DCA29907247700C95 /* [CP] Check Pods Manifest.lock */ = {
			isa = PBXShellScriptBuildPhase;
			buildActionMask = 2147483647;
			files = (
			);
			inputPaths = (
			);
			name = "[CP] Check Pods Manifest.lock";
			outputPaths = (
			);
			runOnlyForDeploymentPostprocessing = 0;
			shellPath = /bin/sh;
			shellScript = "diff \"${PODS_ROOT}/../Podfile.lock\" \"${PODS_ROOT}/Manifest.lock\" > /dev/null\nif [ $? != 0 ] ; then\n    # print error to STDERR\n    echo \"error: The sandbox is not in sync with the Podfile.lock. Run 'pod install' or update your CocoaPods installation.\" >&2\n    exit 1\nfi\n";
			showEnvVarsInLog = 0;
		};
		F79D09E390E75F472419F217 /* [CP] Copy Pods Resources */ = {
			isa = PBXShellScriptBuildPhase;
			buildActionMask = 2147483647;
			files = (
			);
			inputPaths = (
			);
			name = "[CP] Copy Pods Resources";
			outputPaths = (
			);
			runOnlyForDeploymentPostprocessing = 0;
			shellPath = /bin/sh;
			shellScript = "\"${SRCROOT}/Pods/Target Support Files/Pods-ZSwitchUITests/Pods-ZSwitchUITests-resources.sh\"\n";
			showEnvVarsInLog = 0;
		};
/* End PBXShellScriptBuildPhase section */

/* Begin PBXSourcesBuildPhase section */
		7ABCB0E71FA08AC900E09570 /* Sources */ = {
			isa = PBXSourcesBuildPhase;
			buildActionMask = 2147483647;
			files = (
				7ABCB0EE1FA08AC900E09570 /* ZSwitchUITests.swift in Sources */,
			);
			runOnlyForDeploymentPostprocessing = 0;
		};
		7ABCB0F51FA08AF900E09570 /* Sources */ = {
			isa = PBXSourcesBuildPhase;
			buildActionMask = 2147483647;
			files = (
				7ABCB0FC1FA08AFA00E09570 /* ZSwitchTests.swift in Sources */,
				7A91D6BE1FA81CD200A143F8 /* LCS.swift in Sources */,
				7A91D6BB1FA81C6A00A143F8 /* LongestCommonSubsequenceTests.swift in Sources */,
			);
			runOnlyForDeploymentPostprocessing = 0;
		};
		7ACC533C1F45A9560058755F /* Sources */ = {
			isa = PBXSourcesBuildPhase;
			buildActionMask = 2147483647;
			files = (
				7ACC53461F45A9560058755F /* ViewController.swift in Sources */,
				7ACC53441F45A9560058755F /* AppDelegate.swift in Sources */,
				7A34B17A1FA2F9080070E220 /* KeyboardHook.m in Sources */,
				7ACC535B1F45A9DB0058755F /* AppModel.swift in Sources */,
				7ACC53591F45A9DB0058755F /* AppItemView.swift in Sources */,
				7A91D6BD1FA81CD200A143F8 /* LCS.swift in Sources */,
				7AC998BF1FAC1B1E00B53F22 /* Util.swift in Sources */,
				7A34B17D1FA3022A0070E220 /* Key.swift in Sources */,
				7A4A52881FAD6DA700620FB7 /* JWGCircleCounter.m in Sources */,
			);
			runOnlyForDeploymentPostprocessing = 0;
		};
/* End PBXSourcesBuildPhase section */

/* Begin PBXTargetDependency section */
		7ABCB0F11FA08AC900E09570 /* PBXTargetDependency */ = {
			isa = PBXTargetDependency;
			target = 7ACC533F1F45A9560058755F /* ZSwitch */;
			targetProxy = 7ABCB0F01FA08AC900E09570 /* PBXContainerItemProxy */;
		};
		7ABCB0FF1FA08AFA00E09570 /* PBXTargetDependency */ = {
			isa = PBXTargetDependency;
			target = 7ACC533F1F45A9560058755F /* ZSwitch */;
			targetProxy = 7ABCB0FE1FA08AFA00E09570 /* PBXContainerItemProxy */;
		};
/* End PBXTargetDependency section */

/* Begin XCBuildConfiguration section */
		7ABCB0F31FA08AC900E09570 /* Debug */ = {
			isa = XCBuildConfiguration;
			baseConfigurationReference = F9A444DBB8A6C9453D03185F /* Pods-ZSwitchUITests.debug.xcconfig */;
			buildSettings = {
				CLANG_CXX_LANGUAGE_STANDARD = "gnu++14";
				CLANG_WARN_UNGUARDED_AVAILABILITY = YES_AGGRESSIVE;
				CODE_SIGN_STYLE = Automatic;
				COMBINE_HIDPI_IMAGES = YES;
				GCC_C_LANGUAGE_STANDARD = gnu11;
				INFOPLIST_FILE = ZSwitchUITests/Info.plist;
				LD_RUNPATH_SEARCH_PATHS = "$(inherited) @executable_path/../Frameworks @loader_path/../Frameworks";
				MACOSX_DEPLOYMENT_TARGET = 10.13;
				PRODUCT_BUNDLE_IDENTIFIER = shibo.ZSwitchUITests;
				PRODUCT_NAME = "$(TARGET_NAME)";
				SWIFT_VERSION = 4.0;
				TEST_TARGET_NAME = ZSwitch;
			};
			name = Debug;
		};
		7ABCB0F41FA08AC900E09570 /* Release */ = {
			isa = XCBuildConfiguration;
			baseConfigurationReference = 585F693B89EEEC9615966611 /* Pods-ZSwitchUITests.release.xcconfig */;
			buildSettings = {
				CLANG_CXX_LANGUAGE_STANDARD = "gnu++14";
				CLANG_WARN_UNGUARDED_AVAILABILITY = YES_AGGRESSIVE;
				CODE_SIGN_STYLE = Automatic;
				COMBINE_HIDPI_IMAGES = YES;
				GCC_C_LANGUAGE_STANDARD = gnu11;
				INFOPLIST_FILE = ZSwitchUITests/Info.plist;
				LD_RUNPATH_SEARCH_PATHS = "$(inherited) @executable_path/../Frameworks @loader_path/../Frameworks";
				MACOSX_DEPLOYMENT_TARGET = 10.13;
				PRODUCT_BUNDLE_IDENTIFIER = shibo.ZSwitchUITests;
				PRODUCT_NAME = "$(TARGET_NAME)";
				SWIFT_VERSION = 4.0;
				TEST_TARGET_NAME = ZSwitch;
			};
			name = Release;
		};
		7ABCB1011FA08AFA00E09570 /* Debug */ = {
			isa = XCBuildConfiguration;
			baseConfigurationReference = 927BF31ABF8ECA66F527683E /* Pods-ZSwitchTests.debug.xcconfig */;
			buildSettings = {
				BUNDLE_LOADER = "$(TEST_HOST)";
				CLANG_CXX_LANGUAGE_STANDARD = "gnu++14";
				CLANG_WARN_UNGUARDED_AVAILABILITY = YES_AGGRESSIVE;
				CODE_SIGN_STYLE = Automatic;
				COMBINE_HIDPI_IMAGES = YES;
				GCC_C_LANGUAGE_STANDARD = gnu11;
				INFOPLIST_FILE = ZSwitchTests/Info.plist;
				LD_RUNPATH_SEARCH_PATHS = "$(inherited) @executable_path/../Frameworks @loader_path/../Frameworks";
				MACOSX_DEPLOYMENT_TARGET = 10.13;
				PRODUCT_BUNDLE_IDENTIFIER = shibo.ZSwitchTests;
				PRODUCT_NAME = "$(TARGET_NAME)";
				SWIFT_VERSION = 4.0;
				TEST_HOST = "$(BUILT_PRODUCTS_DIR)/ZSwitch.app/Contents/MacOS/ZSwitch";
			};
			name = Debug;
		};
		7ABCB1021FA08AFA00E09570 /* Release */ = {
			isa = XCBuildConfiguration;
			baseConfigurationReference = 769F12617ED915DDF5DFA1BE /* Pods-ZSwitchTests.release.xcconfig */;
			buildSettings = {
				BUNDLE_LOADER = "$(TEST_HOST)";
				CLANG_CXX_LANGUAGE_STANDARD = "gnu++14";
				CLANG_WARN_UNGUARDED_AVAILABILITY = YES_AGGRESSIVE;
				CODE_SIGN_STYLE = Automatic;
				COMBINE_HIDPI_IMAGES = YES;
				GCC_C_LANGUAGE_STANDARD = gnu11;
				INFOPLIST_FILE = ZSwitchTests/Info.plist;
				LD_RUNPATH_SEARCH_PATHS = "$(inherited) @executable_path/../Frameworks @loader_path/../Frameworks";
				MACOSX_DEPLOYMENT_TARGET = 10.13;
				PRODUCT_BUNDLE_IDENTIFIER = shibo.ZSwitchTests;
				PRODUCT_NAME = "$(TARGET_NAME)";
				SWIFT_VERSION = 4.0;
				TEST_HOST = "$(BUILT_PRODUCTS_DIR)/ZSwitch.app/Contents/MacOS/ZSwitch";
			};
			name = Release;
		};
		7ACC534D1F45A9560058755F /* Debug */ = {
			isa = XCBuildConfiguration;
			buildSettings = {
				ALWAYS_SEARCH_USER_PATHS = NO;
				CLANG_ANALYZER_NONNULL = YES;
				CLANG_ANALYZER_NUMBER_OBJECT_CONVERSION = YES_AGGRESSIVE;
				CLANG_CXX_LANGUAGE_STANDARD = "gnu++0x";
				CLANG_CXX_LIBRARY = "libc++";
				CLANG_ENABLE_MODULES = YES;
				CLANG_ENABLE_OBJC_ARC = YES;
				CLANG_WARN_BLOCK_CAPTURE_AUTORELEASING = YES;
				CLANG_WARN_BOOL_CONVERSION = YES;
				CLANG_WARN_COMMA = YES;
				CLANG_WARN_CONSTANT_CONVERSION = YES;
				CLANG_WARN_DIRECT_OBJC_ISA_USAGE = YES_ERROR;
				CLANG_WARN_DOCUMENTATION_COMMENTS = YES;
				CLANG_WARN_EMPTY_BODY = YES;
				CLANG_WARN_ENUM_CONVERSION = YES;
				CLANG_WARN_INFINITE_RECURSION = YES;
				CLANG_WARN_INT_CONVERSION = YES;
				CLANG_WARN_NON_LITERAL_NULL_CONVERSION = YES;
				CLANG_WARN_OBJC_LITERAL_CONVERSION = YES;
				CLANG_WARN_OBJC_ROOT_CLASS = YES_ERROR;
				CLANG_WARN_RANGE_LOOP_ANALYSIS = YES;
				CLANG_WARN_STRICT_PROTOTYPES = YES;
				CLANG_WARN_SUSPICIOUS_MOVE = YES;
				CLANG_WARN_UNREACHABLE_CODE = YES;
				CLANG_WARN__DUPLICATE_METHOD_MATCH = YES;
				CODE_SIGN_IDENTITY = "-";
				COPY_PHASE_STRIP = NO;
				DEBUG_INFORMATION_FORMAT = dwarf;
				ENABLE_STRICT_OBJC_MSGSEND = YES;
				ENABLE_TESTABILITY = YES;
				GCC_C_LANGUAGE_STANDARD = gnu99;
				GCC_DYNAMIC_NO_PIC = NO;
				GCC_NO_COMMON_BLOCKS = YES;
				GCC_OPTIMIZATION_LEVEL = 0;
				GCC_PREPROCESSOR_DEFINITIONS = (
					"DEBUG=1",
					"$(inherited)",
				);
				GCC_WARN_64_TO_32_BIT_CONVERSION = YES;
				GCC_WARN_ABOUT_RETURN_TYPE = YES_ERROR;
				GCC_WARN_UNDECLARED_SELECTOR = YES;
				GCC_WARN_UNINITIALIZED_AUTOS = YES_AGGRESSIVE;
				GCC_WARN_UNUSED_FUNCTION = YES;
				GCC_WARN_UNUSED_VARIABLE = YES;
				MACOSX_DEPLOYMENT_TARGET = 10.13;
				MTL_ENABLE_DEBUG_INFO = YES;
				ONLY_ACTIVE_ARCH = YES;
				SDKROOT = macosx;
				SWIFT_ACTIVE_COMPILATION_CONDITIONS = DEBUG;
				SWIFT_OPTIMIZATION_LEVEL = "-Onone";
			};
			name = Debug;
		};
		7ACC534E1F45A9560058755F /* Release */ = {
			isa = XCBuildConfiguration;
			buildSettings = {
				ALWAYS_SEARCH_USER_PATHS = NO;
				CLANG_ANALYZER_NONNULL = YES;
				CLANG_ANALYZER_NUMBER_OBJECT_CONVERSION = YES_AGGRESSIVE;
				CLANG_CXX_LANGUAGE_STANDARD = "gnu++0x";
				CLANG_CXX_LIBRARY = "libc++";
				CLANG_ENABLE_MODULES = YES;
				CLANG_ENABLE_OBJC_ARC = YES;
				CLANG_WARN_BLOCK_CAPTURE_AUTORELEASING = YES;
				CLANG_WARN_BOOL_CONVERSION = YES;
				CLANG_WARN_COMMA = YES;
				CLANG_WARN_CONSTANT_CONVERSION = YES;
				CLANG_WARN_DIRECT_OBJC_ISA_USAGE = YES_ERROR;
				CLANG_WARN_DOCUMENTATION_COMMENTS = YES;
				CLANG_WARN_EMPTY_BODY = YES;
				CLANG_WARN_ENUM_CONVERSION = YES;
				CLANG_WARN_INFINITE_RECURSION = YES;
				CLANG_WARN_INT_CONVERSION = YES;
				CLANG_WARN_NON_LITERAL_NULL_CONVERSION = YES;
				CLANG_WARN_OBJC_LITERAL_CONVERSION = YES;
				CLANG_WARN_OBJC_ROOT_CLASS = YES_ERROR;
				CLANG_WARN_RANGE_LOOP_ANALYSIS = YES;
				CLANG_WARN_STRICT_PROTOTYPES = YES;
				CLANG_WARN_SUSPICIOUS_MOVE = YES;
				CLANG_WARN_UNREACHABLE_CODE = YES;
				CLANG_WARN__DUPLICATE_METHOD_MATCH = YES;
				CODE_SIGN_IDENTITY = "-";
				COPY_PHASE_STRIP = NO;
				DEBUG_INFORMATION_FORMAT = "dwarf-with-dsym";
				ENABLE_NS_ASSERTIONS = NO;
				ENABLE_STRICT_OBJC_MSGSEND = YES;
				GCC_C_LANGUAGE_STANDARD = gnu99;
				GCC_NO_COMMON_BLOCKS = YES;
				GCC_WARN_64_TO_32_BIT_CONVERSION = YES;
				GCC_WARN_ABOUT_RETURN_TYPE = YES_ERROR;
				GCC_WARN_UNDECLARED_SELECTOR = YES;
				GCC_WARN_UNINITIALIZED_AUTOS = YES_AGGRESSIVE;
				GCC_WARN_UNUSED_FUNCTION = YES;
				GCC_WARN_UNUSED_VARIABLE = YES;
				MACOSX_DEPLOYMENT_TARGET = 10.13;
				MTL_ENABLE_DEBUG_INFO = NO;
				SDKROOT = macosx;
				SWIFT_OPTIMIZATION_LEVEL = "-Owholemodule";
			};
			name = Release;
		};
		7ACC53501F45A9560058755F /* Debug */ = {
			isa = XCBuildConfiguration;
			baseConfigurationReference = 7A3BDCA55EFE0822C2BE7A37 /* Pods-ZSwitch.debug.xcconfig */;
			buildSettings = {
				ASSETCATALOG_COMPILER_APPICON_NAME = AppIcon;
				CLANG_ENABLE_MODULES = YES;
				COMBINE_HIDPI_IMAGES = YES;
				INFOPLIST_FILE = ZSwitch/Info.plist;
				LD_RUNPATH_SEARCH_PATHS = "$(inherited) @executable_path/../Frameworks";
				PRODUCT_BUNDLE_IDENTIFIER = com.boz88.ZSwitch;
				PRODUCT_NAME = "$(TARGET_NAME)";
				SWIFT_OBJC_BRIDGING_HEADER = "ZSwitch/Source/ZSwitch-Bridging-Header.h";
				SWIFT_OPTIMIZATION_LEVEL = "-Onone";
				SWIFT_SWIFT3_OBJC_INFERENCE = Default;
				SWIFT_VERSION = 4.0;
			};
			name = Debug;
		};
		7ACC53511F45A9560058755F /* Release */ = {
			isa = XCBuildConfiguration;
			baseConfigurationReference = 428F1F83AD7F2FD90985312E /* Pods-ZSwitch.release.xcconfig */;
			buildSettings = {
				ASSETCATALOG_COMPILER_APPICON_NAME = AppIcon;
				CLANG_ENABLE_MODULES = YES;
				COMBINE_HIDPI_IMAGES = YES;
				INFOPLIST_FILE = ZSwitch/Info.plist;
				LD_RUNPATH_SEARCH_PATHS = "$(inherited) @executable_path/../Frameworks";
				PRODUCT_BUNDLE_IDENTIFIER = com.boz88.ZSwitch;
				PRODUCT_NAME = "$(TARGET_NAME)";
				SWIFT_OBJC_BRIDGING_HEADER = "ZSwitch/Source/ZSwitch-Bridging-Header.h";
				SWIFT_SWIFT3_OBJC_INFERENCE = Default;
				SWIFT_VERSION = 4.0;
			};
			name = Release;
		};
/* End XCBuildConfiguration section */

/* Begin XCConfigurationList section */
		7ABCB0F21FA08AC900E09570 /* Build configuration list for PBXNativeTarget "ZSwitchUITests" */ = {
			isa = XCConfigurationList;
			buildConfigurations = (
				7ABCB0F31FA08AC900E09570 /* Debug */,
				7ABCB0F41FA08AC900E09570 /* Release */,
			);
			defaultConfigurationIsVisible = 0;
			defaultConfigurationName = Release;
		};
		7ABCB1001FA08AFA00E09570 /* Build configuration list for PBXNativeTarget "ZSwitchTests" */ = {
			isa = XCConfigurationList;
			buildConfigurations = (
				7ABCB1011FA08AFA00E09570 /* Debug */,
				7ABCB1021FA08AFA00E09570 /* Release */,
			);
			defaultConfigurationIsVisible = 0;
			defaultConfigurationName = Release;
		};
		7ACC533B1F45A9560058755F /* Build configuration list for PBXProject "ZSwitch" */ = {
			isa = XCConfigurationList;
			buildConfigurations = (
				7ACC534D1F45A9560058755F /* Debug */,
				7ACC534E1F45A9560058755F /* Release */,
			);
			defaultConfigurationIsVisible = 0;
			defaultConfigurationName = Release;
		};
		7ACC534F1F45A9560058755F /* Build configuration list for PBXNativeTarget "ZSwitch" */ = {
			isa = XCConfigurationList;
			buildConfigurations = (
				7ACC53501F45A9560058755F /* Debug */,
				7ACC53511F45A9560058755F /* Release */,
			);
			defaultConfigurationIsVisible = 0;
			defaultConfigurationName = Release;
		};
/* End XCConfigurationList section */
	};
	rootObject = 7ACC53381F45A9560058755F /* Project object */;
}
